// !$*UTF8*$!
{
	archiveVersion = 1;
	classes = {
	};
	objectVersion = 46;
	objects = {

/* Begin PBXBuildFile section */
		1B98988F1F10F8BC009A661D /* AppDelegate.m in Sources */ = {isa = PBXBuildFile; fileRef = 1B98988E1F10F8BC009A661D /* AppDelegate.m */; };
		1B9898921F10F8BC009A661D /* main.m in Sources */ = {isa = PBXBuildFile; fileRef = 1B9898911F10F8BC009A661D /* main.m */; };
		1B9898951F10F8BC009A661D /* ViewController.m in Sources */ = {isa = PBXBuildFile; fileRef = 1B9898941F10F8BC009A661D /* ViewController.m */; };
		1B9898971F10F8BC009A661D /* Assets.xcassets in Resources */ = {isa = PBXBuildFile; fileRef = 1B9898961F10F8BC009A661D /* Assets.xcassets */; };
		1B98989A1F10F8BC009A661D /* Main.storyboard in Resources */ = {isa = PBXBuildFile; fileRef = 1B9898981F10F8BC009A661D /* Main.storyboard */; };
		1B9898A31F10F907009A661D /* NBCodeProducer.m in Sources */ = {isa = PBXBuildFile; fileRef = 1B9898A21F10F907009A661D /* NBCodeProducer.m */; };
		1B9898A61F10F954009A661D /* NBOutletData.m in Sources */ = {isa = PBXBuildFile; fileRef = 1B9898A51F10F954009A661D /* NBOutletData.m */; };
		5D9359C5DE2C944A80B39886 /* Pods_CodeProducer.framework in Frameworks */ = {isa = PBXBuildFile; fileRef = E831AD50923A39C24527EC4E /* Pods_CodeProducer.framework */; };
/* End PBXBuildFile section */

/* Begin PBXFileReference section */
		1B98988A1F10F8BC009A661D /* CodeProducer.app */ = {isa = PBXFileReference; explicitFileType = wrapper.application; includeInIndex = 0; path = CodeProducer.app; sourceTree = BUILT_PRODUCTS_DIR; };
		1B98988D1F10F8BC009A661D /* AppDelegate.h */ = {isa = PBXFileReference; lastKnownFileType = sourcecode.c.h; path = AppDelegate.h; sourceTree = "<group>"; };
		1B98988E1F10F8BC009A661D /* AppDelegate.m */ = {isa = PBXFileReference; lastKnownFileType = sourcecode.c.objc; path = AppDelegate.m; sourceTree = "<group>"; };
		1B9898911F10F8BC009A661D /* main.m */ = {isa = PBXFileReference; lastKnownFileType = sourcecode.c.objc; path = main.m; sourceTree = "<group>"; };
		1B9898931F10F8BC009A661D /* ViewController.h */ = {isa = PBXFileReference; lastKnownFileType = sourcecode.c.h; path = ViewController.h; sourceTree = "<group>"; };
		1B9898941F10F8BC009A661D /* ViewController.m */ = {isa = PBXFileReference; lastKnownFileType = sourcecode.c.objc; path = ViewController.m; sourceTree = "<group>"; };
		1B9898961F10F8BC009A661D /* Assets.xcassets */ = {isa = PBXFileReference; lastKnownFileType = folder.assetcatalog; path = Assets.xcassets; sourceTree = "<group>"; };
		1B9898991F10F8BC009A661D /* Base */ = {isa = PBXFileReference; lastKnownFileType = file.storyboard; name = Base; path = Base.lproj/Main.storyboard; sourceTree = "<group>"; };
		1B98989B1F10F8BC009A661D /* Info.plist */ = {isa = PBXFileReference; lastKnownFileType = text.plist.xml; path = Info.plist; sourceTree = "<group>"; };
		1B9898A11F10F907009A661D /* NBCodeProducer.h */ = {isa = PBXFileReference; fileEncoding = 4; lastKnownFileType = sourcecode.c.h; path = NBCodeProducer.h; sourceTree = "<group>"; };
		1B9898A21F10F907009A661D /* NBCodeProducer.m */ = {isa = PBXFileReference; fileEncoding = 4; lastKnownFileType = sourcecode.c.objc; path = NBCodeProducer.m; sourceTree = "<group>"; };
		1B9898A41F10F954009A661D /* NBOutletData.h */ = {isa = PBXFileReference; fileEncoding = 4; lastKnownFileType = sourcecode.c.h; path = NBOutletData.h; sourceTree = "<group>"; };
		1B9898A51F10F954009A661D /* NBOutletData.m */ = {isa = PBXFileReference; fileEncoding = 4; lastKnownFileType = sourcecode.c.objc; path = NBOutletData.m; sourceTree = "<group>"; };
		3DA7EDE70173A9418672377E /* Pods-CodeProducer.debug.xcconfig */ = {isa = PBXFileReference; includeInIndex = 1; lastKnownFileType = text.xcconfig; name = "Pods-CodeProducer.debug.xcconfig"; path = "Pods/Target Support Files/Pods-CodeProducer/Pods-CodeProducer.debug.xcconfig"; sourceTree = "<group>"; };
		A50B6577C0A122E9C62412AA /* Pods-CodeProducer.release.xcconfig */ = {isa = PBXFileReference; includeInIndex = 1; lastKnownFileType = text.xcconfig; name = "Pods-CodeProducer.release.xcconfig"; path = "Pods/Target Support Files/Pods-CodeProducer/Pods-CodeProducer.release.xcconfig"; sourceTree = "<group>"; };
		E831AD50923A39C24527EC4E /* Pods_CodeProducer.framework */ = {isa = PBXFileReference; explicitFileType = wrapper.framework; includeInIndex = 0; path = Pods_CodeProducer.framework; sourceTree = BUILT_PRODUCTS_DIR; };
/* End PBXFileReference section */

/* Begin PBXFrameworksBuildPhase section */
		1B9898871F10F8BC009A661D /* Frameworks */ = {
			isa = PBXFrameworksBuildPhase;
			buildActionMask = 2147483647;
			files = (
				5D9359C5DE2C944A80B39886 /* Pods_CodeProducer.framework in Frameworks */,
			);
			runOnlyForDeploymentPostprocessing = 0;
		};
/* End PBXFrameworksBuildPhase section */

/* Begin PBXGroup section */
		1B9898811F10F8BC009A661D = {
			isa = PBXGroup;
			children = (
				1B98988C1F10F8BC009A661D /* CodeProducer */,
				1B98988B1F10F8BC009A661D /* Products */,
				3ADF59BCD112AA7FD75FFC64 /* Pods */,
				BD24F387E7A66EC57F553998 /* Frameworks */,
			);
			sourceTree = "<group>";
		};
		1B98988B1F10F8BC009A661D /* Products */ = {
			isa = PBXGroup;
			children = (
				1B98988A1F10F8BC009A661D /* CodeProducer.app */,
			);
			name = Products;
			sourceTree = "<group>";
		};
		1B98988C1F10F8BC009A661D /* CodeProducer */ = {
			isa = PBXGroup;
			children = (
				1B98988D1F10F8BC009A661D /* AppDelegate.h */,
				1B98988E1F10F8BC009A661D /* AppDelegate.m */,
				1B9898931F10F8BC009A661D /* ViewController.h */,
				1B9898941F10F8BC009A661D /* ViewController.m */,
				1B9898A11F10F907009A661D /* NBCodeProducer.h */,
				1B9898A21F10F907009A661D /* NBCodeProducer.m */,
				1B9898A41F10F954009A661D /* NBOutletData.h */,
				1B9898A51F10F954009A661D /* NBOutletData.m */,
				1B9898961F10F8BC009A661D /* Assets.xcassets */,
				1B9898981F10F8BC009A661D /* Main.storyboard */,
				1B98989B1F10F8BC009A661D /* Info.plist */,
				1B9898901F10F8BC009A661D /* Supporting Files */,
			);
			path = CodeProducer;
			sourceTree = "<group>";
		};
		1B9898901F10F8BC009A661D /* Supporting Files */ = {
			isa = PBXGroup;
			children = (
				1B9898911F10F8BC009A661D /* main.m */,
			);
			name = "Supporting Files";
			sourceTree = "<group>";
		};
		3ADF59BCD112AA7FD75FFC64 /* Pods */ = {
			isa = PBXGroup;
			children = (
				3DA7EDE70173A9418672377E /* Pods-CodeProducer.debug.xcconfig */,
				A50B6577C0A122E9C62412AA /* Pods-CodeProducer.release.xcconfig */,
			);
			name = Pods;
			sourceTree = "<group>";
		};
		BD24F387E7A66EC57F553998 /* Frameworks */ = {
			isa = PBXGroup;
			children = (
				E831AD50923A39C24527EC4E /* Pods_CodeProducer.framework */,
			);
			name = Frameworks;
			sourceTree = "<group>";
		};
/* End PBXGroup section */

/* Begin PBXNativeTarget section */
		1B9898891F10F8BC009A661D /* CodeProducer */ = {
			isa = PBXNativeTarget;
			buildConfigurationList = 1B98989E1F10F8BC009A661D /* Build configuration list for PBXNativeTarget "CodeProducer" */;
			buildPhases = (
				88234B14992287D2BB51CB65 /* [CP] Check Pods Manifest.lock */,
				1B9898861F10F8BC009A661D /* Sources */,
				1B9898871F10F8BC009A661D /* Frameworks */,
				1B9898881F10F8BC009A661D /* Resources */,
				CDB8E66DCCF2AB354F9736CF /* [CP] Embed Pods Frameworks */,
				98E29E8326BF2F151470D012 /* [CP] Copy Pods Resources */,
			);
			buildRules = (
			);
			dependencies = (
			);
			name = CodeProducer;
			productName = CodeProducer;
			productReference = 1B98988A1F10F8BC009A661D /* CodeProducer.app */;
			productType = "com.apple.product-type.application";
		};
/* End PBXNativeTarget section */

/* Begin PBXProject section */
		1B9898821F10F8BC009A661D /* Project object */ = {
			isa = PBXProject;
			attributes = {
				LastUpgradeCheck = 0830;
				ORGANIZATIONNAME = "Nikos Bitoulas";
				TargetAttributes = {
					1B9898891F10F8BC009A661D = {
						CreatedOnToolsVersion = 8.3.3;
						DevelopmentTeam = 36NS9B9VR9;
						ProvisioningStyle = Automatic;
					};
				};
			};
			buildConfigurationList = 1B9898851F10F8BC009A661D /* Build configuration list for PBXProject "CodeProducer" */;
			compatibilityVersion = "Xcode 3.2";
			developmentRegion = English;
			hasScannedForEncodings = 0;
			knownRegions = (
				en,
				Base,
			);
			mainGroup = 1B9898811F10F8BC009A661D;
			productRefGroup = 1B98988B1F10F8BC009A661D /* Products */;
			projectDirPath = "";
			projectRoot = "";
			targets = (
				1B9898891F10F8BC009A661D /* CodeProducer */,
			);
		};
/* End PBXProject section */

/* Begin PBXResourcesBuildPhase section */
		1B9898881F10F8BC009A661D /* Resources */ = {
			isa = PBXResourcesBuildPhase;
			buildActionMask = 2147483647;
			files = (
				1B9898971F10F8BC009A661D /* Assets.xcassets in Resources */,
				1B98989A1F10F8BC009A661D /* Main.storyboard in Resources */,
			);
			runOnlyForDeploymentPostprocessing = 0;
		};
/* End PBXResourcesBuildPhase section */

/* Begin PBXShellScriptBuildPhase section */
		88234B14992287D2BB51CB65 /* [CP] Check Pods Manifest.lock */ = {
			isa = PBXShellScriptBuildPhase;
			buildActionMask = 2147483647;
			files = (
			);
			inputPaths = (
				"${PODS_PODFILE_DIR_PATH}/Podfile.lock",
				"${PODS_ROOT}/Manifest.lock",
			);
			name = "[CP] Check Pods Manifest.lock";
			outputPaths = (
				"$(DERIVED_FILE_DIR)/Pods-CodeProducer-checkManifestLockResult.txt",
			);
			runOnlyForDeploymentPostprocessing = 0;
			shellPath = /bin/sh;
			shellScript = "diff \"${PODS_PODFILE_DIR_PATH}/Podfile.lock\" \"${PODS_ROOT}/Manifest.lock\" > /dev/null\nif [ $? != 0 ] ; then\n    # print error to STDERR\n    echo \"error: The sandbox is not in sync with the Podfile.lock. Run 'pod install' or update your CocoaPods installation.\" >&2\n    exit 1\nfi\n# This output is used by Xcode 'outputs' to avoid re-running this script phase.\necho \"SUCCESS\" > \"${SCRIPT_OUTPUT_FILE_0}\"\n";
			showEnvVarsInLog = 0;
		};
		98E29E8326BF2F151470D012 /* [CP] Copy Pods Resources */ = {
			isa = PBXShellScriptBuildPhase;
			buildActionMask = 2147483647;
			files = (
			);
			inputPaths = (
			);
			name = "[CP] Copy Pods Resources";
			outputPaths = (
			);
			runOnlyForDeploymentPostprocessing = 0;
			shellPath = /bin/sh;
			shellScript = "\"${SRCROOT}/Pods/Target Support Files/Pods-CodeProducer/Pods-CodeProducer-resources.sh\"\n";
			showEnvVarsInLog = 0;
		};
		CDB8E66DCCF2AB354F9736CF /* [CP] Embed Pods Frameworks */ = {
			isa = PBXShellScriptBuildPhase;
			buildActionMask = 2147483647;
			files = (
			);
			inputPaths = (
				"${SRCROOT}/Pods/Target Support Files/Pods-CodeProducer/Pods-CodeProducer-frameworks.sh",
				"${BUILT_PRODUCTS_DIR}/ObjectiveSugar/ObjectiveSugar.framework",
			);
			name = "[CP] Embed Pods Frameworks";
			outputPaths = (
				"${TARGET_BUILD_DIR}/${FRAMEWORKS_FOLDER_PATH}/ObjectiveSugar.framework",
			);
			runOnlyForDeploymentPostprocessing = 0;
			shellPath = /bin/sh;
			shellScript = "\"${SRCROOT}/Pods/Target Support Files/Pods-CodeProducer/Pods-CodeProducer-frameworks.sh\"\n";
			showEnvVarsInLog = 0;
		};
/* End PBXShellScriptBuildPhase section */

/* Begin PBXSourcesBuildPhase section */
		1B9898861F10F8BC009A661D /* Sources */ = {
			isa = PBXSourcesBuildPhase;
			buildActionMask = 2147483647;
			files = (
				1B9898951F10F8BC009A661D /* ViewController.m in Sources */,
				1B9898921F10F8BC009A661D /* main.m in Sources */,
				1B9898A31F10F907009A661D /* NBCodeProducer.m in Sources */,
				1B98988F1F10F8BC009A661D /* AppDelegate.m in Sources */,
				1B9898A61F10F954009A661D /* NBOutletData.m in Sources */,
			);
			runOnlyForDeploymentPostprocessing = 0;
		};
/* End PBXSourcesBuildPhase section */

/* Begin PBXVariantGroup section */
		1B9898981F10F8BC009A661D /* Main.storyboard */ = {
			isa = PBXVariantGroup;
			children = (
				1B9898991F10F8BC009A661D /* Base */,
			);
			name = Main.storyboard;
			sourceTree = "<group>";
		};
/* End PBXVariantGroup section */

/* Begin XCBuildConfiguration section */
		1B98989C1F10F8BC009A661D /* Debug */ = {
			isa = XCBuildConfiguration;
			buildSettings = {
				ALWAYS_SEARCH_USER_PATHS = NO;
				CLANG_ANALYZER_NONNULL = YES;
				CLANG_ANALYZER_NUMBER_OBJECT_CONVERSION = YES_AGGRESSIVE;
				CLANG_CXX_LANGUAGE_STANDARD = "gnu++0x";
				CLANG_CXX_LIBRARY = "libc++";
				CLANG_ENABLE_MODULES = YES;
				CLANG_ENABLE_OBJC_ARC = YES;
				CLANG_WARN_BOOL_CONVERSION = YES;
				CLANG_WARN_CONSTANT_CONVERSION = YES;
				CLANG_WARN_DIRECT_OBJC_ISA_USAGE = YES_ERROR;
				CLANG_WARN_DOCUMENTATION_COMMENTS = YES;
				CLANG_WARN_EMPTY_BODY = YES;
				CLANG_WARN_ENUM_CONVERSION = YES;
				CLANG_WARN_INFINITE_RECURSION = YES;
				CLANG_WARN_INT_CONVERSION = YES;
				CLANG_WARN_OBJC_ROOT_CLASS = YES_ERROR;
				CLANG_WARN_SUSPICIOUS_MOVE = YES;
				CLANG_WARN_UNREACHABLE_CODE = YES;
				CLANG_WARN__DUPLICATE_METHOD_MATCH = YES;
				CODE_SIGN_IDENTITY = "-";
				COPY_PHASE_STRIP = NO;
				DEBUG_INFORMATION_FORMAT = dwarf;
				ENABLE_STRICT_OBJC_MSGSEND = YES;
				ENABLE_TESTABILITY = YES;
				GCC_C_LANGUAGE_STANDARD = gnu99;
				GCC_DYNAMIC_NO_PIC = NO;
				GCC_NO_COMMON_BLOCKS = YES;
				GCC_OPTIMIZATION_LEVEL = 0;
				GCC_PREPROCESSOR_DEFINITIONS = (
					"DEBUG=1",
					"$(inherited)",
				);
				GCC_WARN_64_TO_32_BIT_CONVERSION = YES;
				GCC_WARN_ABOUT_RETURN_TYPE = YES_ERROR;
				GCC_WARN_UNDECLARED_SELECTOR = YES;
				GCC_WARN_UNINITIALIZED_AUTOS = YES_AGGRESSIVE;
				GCC_WARN_UNUSED_FUNCTION = YES;
				GCC_WARN_UNUSED_VARIABLE = YES;
				MACOSX_DEPLOYMENT_TARGET = 10.12;
				MTL_ENABLE_DEBUG_INFO = YES;
				ONLY_ACTIVE_ARCH = YES;
				SDKROOT = macosx;
			};
			name = Debug;
		};
		1B98989D1F10F8BC009A661D /* Release */ = {
			isa = XCBuildConfiguration;
			buildSettings = {
				ALWAYS_SEARCH_USER_PATHS = NO;
				CLANG_ANALYZER_NONNULL = YES;
				CLANG_ANALYZER_NUMBER_OBJECT_CONVERSION = YES_AGGRESSIVE;
				CLANG_CXX_LANGUAGE_STANDARD = "gnu++0x";
				CLANG_CXX_LIBRARY = "libc++";
				CLANG_ENABLE_MODULES = YES;
				CLANG_ENABLE_OBJC_ARC = YES;
				CLANG_WARN_BOOL_CONVERSION = YES;
				CLANG_WARN_CONSTANT_CONVERSION = YES;
				CLANG_WARN_DIRECT_OBJC_ISA_USAGE = YES_ERROR;
				CLANG_WARN_DOCUMENTATION_COMMENTS = YES;
				CLANG_WARN_EMPTY_BODY = YES;
				CLANG_WARN_ENUM_CONVERSION = YES;
				CLANG_WARN_INFINITE_RECURSION = YES;
				CLANG_WARN_INT_CONVERSION = YES;
				CLANG_WARN_OBJC_ROOT_CLASS = YES_ERROR;
				CLANG_WARN_SUSPICIOUS_MOVE = YES;
				CLANG_WARN_UNREACHABLE_CODE = YES;
				CLANG_WARN__DUPLICATE_METHOD_MATCH = YES;
				CODE_SIGN_IDENTITY = "-";
				COPY_PHASE_STRIP = NO;
				DEBUG_INFORMATION_FORMAT = "dwarf-with-dsym";
				ENABLE_NS_ASSERTIONS = NO;
				ENABLE_STRICT_OBJC_MSGSEND = YES;
				GCC_C_LANGUAGE_STANDARD = gnu99;
				GCC_NO_COMMON_BLOCKS = YES;
				GCC_WARN_64_TO_32_BIT_CONVERSION = YES;
				GCC_WARN_ABOUT_RETURN_TYPE = YES_ERROR;
				GCC_WARN_UNDECLARED_SELECTOR = YES;
				GCC_WARN_UNINITIALIZED_AUTOS = YES_AGGRESSIVE;
				GCC_WARN_UNUSED_FUNCTION = YES;
				GCC_WARN_UNUSED_VARIABLE = YES;
				MACOSX_DEPLOYMENT_TARGET = 10.12;
				MTL_ENABLE_DEBUG_INFO = NO;
				SDKROOT = macosx;
			};
			name = Release;
		};
		1B98989F1F10F8BC009A661D /* Debug */ = {
			isa = XCBuildConfiguration;
			baseConfigurationReference = 3DA7EDE70173A9418672377E /* Pods-CodeProducer.debug.xcconfig */;
			buildSettings = {
				ASSETCATALOG_COMPILER_APPICON_NAME = AppIcon;
				COMBINE_HIDPI_IMAGES = YES;
				DEVELOPMENT_TEAM = 36NS9B9VR9;
				INFOPLIST_FILE = CodeProducer/Info.plist;
				LD_RUNPATH_SEARCH_PATHS = "$(inherited) @executable_path/../Frameworks";
				PRODUCT_BUNDLE_IDENTIFIER = com.okpanda.CodeProducer;
				PRODUCT_NAME = "$(TARGET_NAME)";
			};
			name = Debug;
		};
		1B9898A01F10F8BC009A661D /* Release */ = {
			isa = XCBuildConfiguration;
			baseConfigurationReference = A50B6577C0A122E9C62412AA /* Pods-CodeProducer.release.xcconfig */;
			buildSettings = {
				ASSETCATALOG_COMPILER_APPICON_NAME = AppIcon;
				COMBINE_HIDPI_IMAGES = YES;
				DEVELOPMENT_TEAM = 36NS9B9VR9;
				INFOPLIST_FILE = CodeProducer/Info.plist;
				LD_RUNPATH_SEARCH_PATHS = "$(inherited) @executable_path/../Frameworks";
				PRODUCT_BUNDLE_IDENTIFIER = com.okpanda.CodeProducer;
				PRODUCT_NAME = "$(TARGET_NAME)";
			};
			name = Release;
		};
/* End XCBuildConfiguration section */

/* Begin XCConfigurationList section */
		1B9898851F10F8BC009A661D /* Build configuration list for PBXProject "CodeProducer" */ = {
			isa = XCConfigurationList;
			buildConfigurations = (
				1B98989C1F10F8BC009A661D /* Debug */,
				1B98989D1F10F8BC009A661D /* Release */,
			);
			defaultConfigurationIsVisible = 0;
			defaultConfigurationName = Release;
		};
		1B98989E1F10F8BC009A661D /* Build configuration list for PBXNativeTarget "CodeProducer" */ = {
			isa = XCConfigurationList;
			buildConfigurations = (
				1B98989F1F10F8BC009A661D /* Debug */,
				1B9898A01F10F8BC009A661D /* Release */,
			);
			defaultConfigurationIsVisible = 0;
		};
/* End XCConfigurationList section */
	};
	rootObject = 1B9898821F10F8BC009A661D /* Project object */;
}
